
Microsoft Visual Studio Solution File, Format Version 12.00
# Visual Studio Version 17
VisualStudioVersion = 17.0.31912.275
MinimumVisualStudioVersion = 10.0.40219.1
Project("{9A19103F-16F7-4668-BE54-9A1E7A4F7556}") = "CheeseSql.Server", "CheeseSql.Server\CheeseSql.Server.csproj", "{319AFD73-7201-46B7-AEBF-D987C61219A4}"
EndProject
Project("{9A19103F-16F7-4668-BE54-9A1E7A4F7556}") = "CheeseSql.Client", "CheeseSql.Client\CheeseSql.Client.csproj", "{E72B0688-3A37-48C8-9D5B-ECDCEF5071CC}"
EndProject
Project("{9A19103F-16F7-4668-BE54-9A1E7A4F7556}") = "CheeseSql.Shared", "CheeseSql.Shared\CheeseSql.Shared.csproj", "{F65FEF4B-CCF0-44A6-86F9-C79A5E57C877}"
EndProject
Global
	GlobalSection(SolutionConfigurationPlatforms) = preSolution
		Debug|Any CPU = Debug|Any CPU
		Release|Any CPU = Release|Any CPU
	EndGlobalSection
	GlobalSection(ProjectConfigurationPlatforms) = postSolution
		{319AFD73-7201-46B7-AEBF-D987C61219A4}.Debug|Any CPU.ActiveCfg = Debug|Any CPU
		{319AFD73-7201-46B7-AEBF-D987C61219A4}.Debug|Any CPU.Build.0 = Debug|Any CPU
		{319AFD73-7201-46B7-AEBF-D987C61219A4}.Release|Any CPU.ActiveCfg = Release|Any CPU
		{319AFD73-7201-46B7-AEBF-D987C61219A4}.Release|Any CPU.Build.0 = Release|Any CPU
		{E72B0688-3A37-48C8-9D5B-ECDCEF5071CC}.Debug|Any CPU.ActiveCfg = Debug|Any CPU
		{E72B0688-3A37-48C8-9D5B-ECDCEF5071CC}.Debug|Any CPU.Build.0 = Debug|Any CPU
		{E72B0688-3A37-48C8-9D5B-ECDCEF5071CC}.Release|Any CPU.ActiveCfg = Release|Any CPU
		{E72B0688-3A37-48C8-9D5B-ECDCEF5071CC}.Release|Any CPU.Build.0 = Release|Any CPU
		{F65FEF4B-CCF0-44A6-86F9-C79A5E57C877}.Debug|Any CPU.ActiveCfg = Debug|Any CPU
		{F65FEF4B-CCF0-44A6-86F9-C79A5E57C877}.Debug|Any CPU.Build.0 = Debug|Any CPU
		{F65FEF4B-CCF0-44A6-86F9-C79A5E57C877}.Release|Any CPU.ActiveCfg = Release|Any CPU
		{F65FEF4B-CCF0-44A6-86F9-C79A5E57C877}.Release|Any CPU.Build.0 = Release|Any CPU
	EndGlobalSection
	GlobalSection(SolutionProperties) = preSolution
		HideSolutionNode = FALSE
	EndGlobalSection
	GlobalSection(ExtensibilityGlobals) = postSolution
		SolutionGuid = {84BABD8B-DAE8-4B24-9868-50FBFD67F1B6}
	EndGlobalSection
EndGlobal
